
Microsoft Visual Studio Solution File, Format Version 12.00
# Visual Studio Version 16
VisualStudioVersion = 16.0.32413.511
MinimumVisualStudioVersion = 10.0.40219.1
Project("{FAE04EC0-301F-11D3-BF4B-00C04F79EFBC}") = "Poo1", "Poo1\Poo1.csproj", "{2F932DFE-EDC5-4A99-BA7D-6CC09567C2DC}"
EndProject
Global
	GlobalSection(SolutionConfigurationPlatforms) = preSolution
		Debug|Any CPU = Debug|Any CPU
		Release|Any CPU = Release|Any CPU
	EndGlobalSection
	GlobalSection(ProjectConfigurationPlatforms) = postSolution
		{2F932DFE-EDC5-4A99-BA7D-6CC09567C2DC}.Debug|Any CPU.ActiveCfg = Debug|Any CPU
		{2F932DFE-EDC5-4A99-BA7D-6CC09567C2DC}.Debug|Any CPU.Build.0 = Debug|Any CPU
		{2F932DFE-EDC5-4A99-BA7D-6CC09567C2DC}.Release|Any CPU.ActiveCfg = Release|Any CPU
		{2F932DFE-EDC5-4A99-BA7D-6CC09567C2DC}.Release|Any CPU.Build.0 = Release|Any CPU
	EndGlobalSection
	GlobalSection(SolutionProperties) = preSolution
		HideSolutionNode = FALSE
	EndGlobalSection
	GlobalSection(ExtensibilityGlobals) = postSolution
		SolutionGuid = {880165AE-E021-49D1-8F37-C18C832BAA89}
	EndGlobalSection
EndGlobal
