
Microsoft Visual Studio Solution File, Format Version 12.00
# Visual Studio Version 16
VisualStudioVersion = 16.0.32413.511
MinimumVisualStudioVersion = 10.0.40219.1
Project("{FAE04EC0-301F-11D3-BF4B-00C04F79EFBC}") = "Poo5", "Poo5\Poo5.csproj", "{2124F2AD-27D6-4175-8A1B-2176314B79E6}"
EndProject
Global
	GlobalSection(SolutionConfigurationPlatforms) = preSolution
		Debug|Any CPU = Debug|Any CPU
		Release|Any CPU = Release|Any CPU
	EndGlobalSection
	GlobalSection(ProjectConfigurationPlatforms) = postSolution
		{2124F2AD-27D6-4175-8A1B-2176314B79E6}.Debug|Any CPU.ActiveCfg = Debug|Any CPU
		{2124F2AD-27D6-4175-8A1B-2176314B79E6}.Debug|Any CPU.Build.0 = Debug|Any CPU
		{2124F2AD-27D6-4175-8A1B-2176314B79E6}.Release|Any CPU.ActiveCfg = Release|Any CPU
		{2124F2AD-27D6-4175-8A1B-2176314B79E6}.Release|Any CPU.Build.0 = Release|Any CPU
	EndGlobalSection
	GlobalSection(SolutionProperties) = preSolution
		HideSolutionNode = FALSE
	EndGlobalSection
	GlobalSection(ExtensibilityGlobals) = postSolution
		SolutionGuid = {DDC8A344-066C-4499-BB15-EF2AAD5C57DF}
	EndGlobalSection
EndGlobal
