
Microsoft Visual Studio Solution File, Format Version 12.00
# Visual Studio Version 16
VisualStudioVersion = 16.0.32413.511
MinimumVisualStudioVersion = 10.0.40219.1
Project("{FAE04EC0-301F-11D3-BF4B-00C04F79EFBC}") = "Poo6", "Poo6\Poo6.csproj", "{3CD81530-7BEB-4FBB-BC44-141EE8D3C8C0}"
EndProject
Global
	GlobalSection(SolutionConfigurationPlatforms) = preSolution
		Debug|Any CPU = Debug|Any CPU
		Release|Any CPU = Release|Any CPU
	EndGlobalSection
	GlobalSection(ProjectConfigurationPlatforms) = postSolution
		{3CD81530-7BEB-4FBB-BC44-141EE8D3C8C0}.Debug|Any CPU.ActiveCfg = Debug|Any CPU
		{3CD81530-7BEB-4FBB-BC44-141EE8D3C8C0}.Debug|Any CPU.Build.0 = Debug|Any CPU
		{3CD81530-7BEB-4FBB-BC44-141EE8D3C8C0}.Release|Any CPU.ActiveCfg = Release|Any CPU
		{3CD81530-7BEB-4FBB-BC44-141EE8D3C8C0}.Release|Any CPU.Build.0 = Release|Any CPU
	EndGlobalSection
	GlobalSection(SolutionProperties) = preSolution
		HideSolutionNode = FALSE
	EndGlobalSection
	GlobalSection(ExtensibilityGlobals) = postSolution
		SolutionGuid = {552CD209-A3F6-4AC3-8294-6AECB722C020}
	EndGlobalSection
EndGlobal
